// !$*UTF8*$!
{
	archiveVersion = 1;
	classes = {
	};
	objectVersion = 48;
	objects = {

/* Begin PBXBuildFile section */
		596148471FF0B202005D677D /* AppDelegate.swift in Sources */ = {isa = PBXBuildFile; fileRef = 596148461FF0B202005D677D /* AppDelegate.swift */; };
		5961484C1FF0B202005D677D /* Main.storyboard in Resources */ = {isa = PBXBuildFile; fileRef = 5961484A1FF0B202005D677D /* Main.storyboard */; };
		5961484F1FF0B202005D677D /* KyrptoWallet.xcdatamodeld in Sources */ = {isa = PBXBuildFile; fileRef = 5961484D1FF0B202005D677D /* KyrptoWallet.xcdatamodeld */; };
		596148511FF0B202005D677D /* Assets.xcassets in Resources */ = {isa = PBXBuildFile; fileRef = 596148501FF0B202005D677D /* Assets.xcassets */; };
		596148541FF0B202005D677D /* LaunchScreen.storyboard in Resources */ = {isa = PBXBuildFile; fileRef = 596148521FF0B202005D677D /* LaunchScreen.storyboard */; };
		5961485F1FF0B202005D677D /* KyrptoWalletTests.swift in Sources */ = {isa = PBXBuildFile; fileRef = 5961485E1FF0B202005D677D /* KyrptoWalletTests.swift */; };
		5961486A1FF0B202005D677D /* KyrptoWalletUITests.swift in Sources */ = {isa = PBXBuildFile; fileRef = 596148691FF0B202005D677D /* KyrptoWalletUITests.swift */; };
		596148781FF0B44B005D677D /* LoginController.swift in Sources */ = {isa = PBXBuildFile; fileRef = 596148771FF0B44B005D677D /* LoginController.swift */; };
/* End PBXBuildFile section */

/* Begin PBXContainerItemProxy section */
		5961485B1FF0B202005D677D /* PBXContainerItemProxy */ = {
			isa = PBXContainerItemProxy;
			containerPortal = 5961483B1FF0B202005D677D /* Project object */;
			proxyType = 1;
			remoteGlobalIDString = 596148421FF0B202005D677D;
			remoteInfo = KyrptoWallet;
		};
		596148661FF0B202005D677D /* PBXContainerItemProxy */ = {
			isa = PBXContainerItemProxy;
			containerPortal = 5961483B1FF0B202005D677D /* Project object */;
			proxyType = 1;
			remoteGlobalIDString = 596148421FF0B202005D677D;
			remoteInfo = KyrptoWallet;
		};
/* End PBXContainerItemProxy section */

/* Begin PBXFileReference section */
		596148431FF0B202005D677D /* KyrptoWallet.app */ = {isa = PBXFileReference; explicitFileType = wrapper.application; includeInIndex = 0; path = KyrptoWallet.app; sourceTree = BUILT_PRODUCTS_DIR; };
		596148461FF0B202005D677D /* AppDelegate.swift */ = {isa = PBXFileReference; lastKnownFileType = sourcecode.swift; path = AppDelegate.swift; sourceTree = "<group>"; };
		5961484B1FF0B202005D677D /* Base */ = {isa = PBXFileReference; lastKnownFileType = file.storyboard; name = Base; path = Base.lproj/Main.storyboard; sourceTree = "<group>"; };
		5961484E1FF0B202005D677D /* KyrptoWallet.xcdatamodel */ = {isa = PBXFileReference; lastKnownFileType = wrapper.xcdatamodel; path = KyrptoWallet.xcdatamodel; sourceTree = "<group>"; };
		596148501FF0B202005D677D /* Assets.xcassets */ = {isa = PBXFileReference; lastKnownFileType = folder.assetcatalog; path = Assets.xcassets; sourceTree = "<group>"; };
		596148531FF0B202005D677D /* Base */ = {isa = PBXFileReference; lastKnownFileType = file.storyboard; name = Base; path = Base.lproj/LaunchScreen.storyboard; sourceTree = "<group>"; };
		596148551FF0B202005D677D /* Info.plist */ = {isa = PBXFileReference; lastKnownFileType = text.plist.xml; path = Info.plist; sourceTree = "<group>"; };
		5961485A1FF0B202005D677D /* KyrptoWalletTests.xctest */ = {isa = PBXFileReference; explicitFileType = wrapper.cfbundle; includeInIndex = 0; path = KyrptoWalletTests.xctest; sourceTree = BUILT_PRODUCTS_DIR; };
		5961485E1FF0B202005D677D /* KyrptoWalletTests.swift */ = {isa = PBXFileReference; lastKnownFileType = sourcecode.swift; path = KyrptoWalletTests.swift; sourceTree = "<group>"; };
		596148601FF0B202005D677D /* Info.plist */ = {isa = PBXFileReference; lastKnownFileType = text.plist.xml; path = Info.plist; sourceTree = "<group>"; };
		596148651FF0B202005D677D /* KyrptoWalletUITests.xctest */ = {isa = PBXFileReference; explicitFileType = wrapper.cfbundle; includeInIndex = 0; path = KyrptoWalletUITests.xctest; sourceTree = BUILT_PRODUCTS_DIR; };
		596148691FF0B202005D677D /* KyrptoWalletUITests.swift */ = {isa = PBXFileReference; lastKnownFileType = sourcecode.swift; path = KyrptoWalletUITests.swift; sourceTree = "<group>"; };
		5961486B1FF0B202005D677D /* Info.plist */ = {isa = PBXFileReference; lastKnownFileType = text.plist.xml; path = Info.plist; sourceTree = "<group>"; };
		596148771FF0B44B005D677D /* LoginController.swift */ = {isa = PBXFileReference; lastKnownFileType = sourcecode.swift; name = LoginController.swift; path = KyrptoWallet/ViewControllers/LoginController.swift; sourceTree = "<group>"; };
/* End PBXFileReference section */

/* Begin PBXFrameworksBuildPhase section */
		596148401FF0B202005D677D /* Frameworks */ = {
			isa = PBXFrameworksBuildPhase;
			buildActionMask = 2147483647;
			files = (
			);
			runOnlyForDeploymentPostprocessing = 0;
		};
		596148571FF0B202005D677D /* Frameworks */ = {
			isa = PBXFrameworksBuildPhase;
			buildActionMask = 2147483647;
			files = (
			);
			runOnlyForDeploymentPostprocessing = 0;
		};
		596148621FF0B202005D677D /* Frameworks */ = {
			isa = PBXFrameworksBuildPhase;
			buildActionMask = 2147483647;
			files = (
			);
			runOnlyForDeploymentPostprocessing = 0;
		};
/* End PBXFrameworksBuildPhase section */

/* Begin PBXGroup section */
		5961483A1FF0B202005D677D = {
			isa = PBXGroup;
			children = (
				596148771FF0B44B005D677D /* LoginController.swift */,
				596148451FF0B202005D677D /* KyrptoWallet */,
				5961485D1FF0B202005D677D /* KyrptoWalletTests */,
				596148681FF0B202005D677D /* KyrptoWalletUITests */,
				596148441FF0B202005D677D /* Products */,
			);
			sourceTree = "<group>";
		};
		596148441FF0B202005D677D /* Products */ = {
			isa = PBXGroup;
			children = (
				596148431FF0B202005D677D /* KyrptoWallet.app */,
				5961485A1FF0B202005D677D /* KyrptoWalletTests.xctest */,
				596148651FF0B202005D677D /* KyrptoWalletUITests.xctest */,
			);
			name = Products;
			sourceTree = "<group>";
		};
		596148451FF0B202005D677D /* KyrptoWallet */ = {
			isa = PBXGroup;
			children = (
				596148461FF0B202005D677D /* AppDelegate.swift */,
				5961484A1FF0B202005D677D /* Main.storyboard */,
				596148501FF0B202005D677D /* Assets.xcassets */,
				596148521FF0B202005D677D /* LaunchScreen.storyboard */,
				596148551FF0B202005D677D /* Info.plist */,
				5961484D1FF0B202005D677D /* KyrptoWallet.xcdatamodeld */,
			);
			path = KyrptoWallet;
			sourceTree = "<group>";
		};
		5961485D1FF0B202005D677D /* KyrptoWalletTests */ = {
			isa = PBXGroup;
			children = (
				5961485E1FF0B202005D677D /* KyrptoWalletTests.swift */,
				596148601FF0B202005D677D /* Info.plist */,
			);
			path = KyrptoWalletTests;
			sourceTree = "<group>";
		};
		596148681FF0B202005D677D /* KyrptoWalletUITests */ = {
			isa = PBXGroup;
			children = (
				596148691FF0B202005D677D /* KyrptoWalletUITests.swift */,
				5961486B1FF0B202005D677D /* Info.plist */,
			);
			path = KyrptoWalletUITests;
			sourceTree = "<group>";
		};
/* End PBXGroup section */

/* Begin PBXNativeTarget section */
		596148421FF0B202005D677D /* KyrptoWallet */ = {
			isa = PBXNativeTarget;
			buildConfigurationList = 5961486E1FF0B202005D677D /* Build configuration list for PBXNativeTarget "KyrptoWallet" */;
			buildPhases = (
				5961483F1FF0B202005D677D /* Sources */,
				596148401FF0B202005D677D /* Frameworks */,
				596148411FF0B202005D677D /* Resources */,
			);
			buildRules = (
			);
			dependencies = (
			);
			name = KyrptoWallet;
			productName = KyrptoWallet;
			productReference = 596148431FF0B202005D677D /* KyrptoWallet.app */;
			productType = "com.apple.product-type.application";
		};
		596148591FF0B202005D677D /* KyrptoWalletTests */ = {
			isa = PBXNativeTarget;
			buildConfigurationList = 596148711FF0B202005D677D /* Build configuration list for PBXNativeTarget "KyrptoWalletTests" */;
			buildPhases = (
				596148561FF0B202005D677D /* Sources */,
				596148571FF0B202005D677D /* Frameworks */,
				596148581FF0B202005D677D /* Resources */,
			);
			buildRules = (
			);
			dependencies = (
				5961485C1FF0B202005D677D /* PBXTargetDependency */,
			);
			name = KyrptoWalletTests;
			productName = KyrptoWalletTests;
			productReference = 5961485A1FF0B202005D677D /* KyrptoWalletTests.xctest */;
			productType = "com.apple.product-type.bundle.unit-test";
		};
		596148641FF0B202005D677D /* KyrptoWalletUITests */ = {
			isa = PBXNativeTarget;
			buildConfigurationList = 596148741FF0B202005D677D /* Build configuration list for PBXNativeTarget "KyrptoWalletUITests" */;
			buildPhases = (
				596148611FF0B202005D677D /* Sources */,
				596148621FF0B202005D677D /* Frameworks */,
				596148631FF0B202005D677D /* Resources */,
			);
			buildRules = (
			);
			dependencies = (
				596148671FF0B202005D677D /* PBXTargetDependency */,
			);
			name = KyrptoWalletUITests;
			productName = KyrptoWalletUITests;
			productReference = 596148651FF0B202005D677D /* KyrptoWalletUITests.xctest */;
			productType = "com.apple.product-type.bundle.ui-testing";
		};
/* End PBXNativeTarget section */

/* Begin PBXProject section */
		5961483B1FF0B202005D677D /* Project object */ = {
			isa = PBXProject;
			attributes = {
				LastSwiftUpdateCheck = 0920;
				LastUpgradeCheck = 0920;
				ORGANIZATIONNAME = TamerBader;
				TargetAttributes = {
					596148421FF0B202005D677D = {
						CreatedOnToolsVersion = 9.2;
						ProvisioningStyle = Automatic;
					};
					596148591FF0B202005D677D = {
						CreatedOnToolsVersion = 9.2;
						ProvisioningStyle = Automatic;
						TestTargetID = 596148421FF0B202005D677D;
					};
					596148641FF0B202005D677D = {
						CreatedOnToolsVersion = 9.2;
						ProvisioningStyle = Automatic;
						TestTargetID = 596148421FF0B202005D677D;
					};
				};
			};
			buildConfigurationList = 5961483E1FF0B202005D677D /* Build configuration list for PBXProject "KyrptoWallet" */;
			compatibilityVersion = "Xcode 8.0";
			developmentRegion = en;
			hasScannedForEncodings = 0;
			knownRegions = (
				en,
				Base,
			);
			mainGroup = 5961483A1FF0B202005D677D;
			productRefGroup = 596148441FF0B202005D677D /* Products */;
			projectDirPath = "";
			projectRoot = "";
			targets = (
				596148421FF0B202005D677D /* KyrptoWallet */,
				596148591FF0B202005D677D /* KyrptoWalletTests */,
				596148641FF0B202005D677D /* KyrptoWalletUITests */,
			);
		};
/* End PBXProject section */

/* Begin PBXResourcesBuildPhase section */
		596148411FF0B202005D677D /* Resources */ = {
			isa = PBXResourcesBuildPhase;
			buildActionMask = 2147483647;
			files = (
				596148541FF0B202005D677D /* LaunchScreen.storyboard in Resources */,
				596148511FF0B202005D677D /* Assets.xcassets in Resources */,
				5961484C1FF0B202005D677D /* Main.storyboard in Resources */,
			);
			runOnlyForDeploymentPostprocessing = 0;
		};
		596148581FF0B202005D677D /* Resources */ = {
			isa = PBXResourcesBuildPhase;
			buildActionMask = 2147483647;
			files = (
			);
			runOnlyForDeploymentPostprocessing = 0;
		};
		596148631FF0B202005D677D /* Resources */ = {
			isa = PBXResourcesBuildPhase;
			buildActionMask = 2147483647;
			files = (
			);
			runOnlyForDeploymentPostprocessing = 0;
		};
/* End PBXResourcesBuildPhase section */

/* Begin PBXSourcesBuildPhase section */
		5961483F1FF0B202005D677D /* Sources */ = {
			isa = PBXSourcesBuildPhase;
			buildActionMask = 2147483647;
			files = (
				5961484F1FF0B202005D677D /* KyrptoWallet.xcdatamodeld in Sources */,
				596148781FF0B44B005D677D /* LoginController.swift in Sources */,
				596148471FF0B202005D677D /* AppDelegate.swift in Sources */,
			);
			runOnlyForDeploymentPostprocessing = 0;
		};
		596148561FF0B202005D677D /* Sources */ = {
			isa = PBXSourcesBuildPhase;
			buildActionMask = 2147483647;
			files = (
				5961485F1FF0B202005D677D /* KyrptoWalletTests.swift in Sources */,
			);
			runOnlyForDeploymentPostprocessing = 0;
		};
		596148611FF0B202005D677D /* Sources */ = {
			isa = PBXSourcesBuildPhase;
			buildActionMask = 2147483647;
			files = (
				5961486A1FF0B202005D677D /* KyrptoWalletUITests.swift in Sources */,
			);
			runOnlyForDeploymentPostprocessing = 0;
		};
/* End PBXSourcesBuildPhase section */

/* Begin PBXTargetDependency section */
		5961485C1FF0B202005D677D /* PBXTargetDependency */ = {
			isa = PBXTargetDependency;
			target = 596148421FF0B202005D677D /* KyrptoWallet */;
			targetProxy = 5961485B1FF0B202005D677D /* PBXContainerItemProxy */;
		};
		596148671FF0B202005D677D /* PBXTargetDependency */ = {
			isa = PBXTargetDependency;
			target = 596148421FF0B202005D677D /* KyrptoWallet */;
			targetProxy = 596148661FF0B202005D677D /* PBXContainerItemProxy */;
		};
/* End PBXTargetDependency section */

/* Begin PBXVariantGroup section */
		5961484A1FF0B202005D677D /* Main.storyboard */ = {
			isa = PBXVariantGroup;
			children = (
				5961484B1FF0B202005D677D /* Base */,
			);
			name = Main.storyboard;
			sourceTree = "<group>";
		};
		596148521FF0B202005D677D /* LaunchScreen.storyboard */ = {
			isa = PBXVariantGroup;
			children = (
				596148531FF0B202005D677D /* Base */,
			);
			name = LaunchScreen.storyboard;
			sourceTree = "<group>";
		};
/* End PBXVariantGroup section */

/* Begin XCBuildConfiguration section */
		5961486C1FF0B202005D677D /* Debug */ = {
			isa = XCBuildConfiguration;
			buildSettings = {
				ALWAYS_SEARCH_USER_PATHS = NO;
				CLANG_ANALYZER_NONNULL = YES;
				CLANG_ANALYZER_NUMBER_OBJECT_CONVERSION = YES_AGGRESSIVE;
				CLANG_CXX_LANGUAGE_STANDARD = "gnu++14";
				CLANG_CXX_LIBRARY = "libc++";
				CLANG_ENABLE_MODULES = YES;
				CLANG_ENABLE_OBJC_ARC = YES;
				CLANG_WARN_BLOCK_CAPTURE_AUTORELEASING = YES;
				CLANG_WARN_BOOL_CONVERSION = YES;
				CLANG_WARN_COMMA = YES;
				CLANG_WARN_CONSTANT_CONVERSION = YES;
				CLANG_WARN_DIRECT_OBJC_ISA_USAGE = YES_ERROR;
				CLANG_WARN_DOCUMENTATION_COMMENTS = YES;
				CLANG_WARN_EMPTY_BODY = YES;
				CLANG_WARN_ENUM_CONVERSION = YES;
				CLANG_WARN_INFINITE_RECURSION = YES;
				CLANG_WARN_INT_CONVERSION = YES;
				CLANG_WARN_NON_LITERAL_NULL_CONVERSION = YES;
				CLANG_WARN_OBJC_LITERAL_CONVERSION = YES;
				CLANG_WARN_OBJC_ROOT_CLASS = YES_ERROR;
				CLANG_WARN_RANGE_LOOP_ANALYSIS = YES;
				CLANG_WARN_STRICT_PROTOTYPES = YES;
				CLANG_WARN_SUSPICIOUS_MOVE = YES;
				CLANG_WARN_UNGUARDED_AVAILABILITY = YES_AGGRESSIVE;
				CLANG_WARN_UNREACHABLE_CODE = YES;
				CLANG_WARN__DUPLICATE_METHOD_MATCH = YES;
				CODE_SIGN_IDENTITY = "iPhone Developer";
				COPY_PHASE_STRIP = NO;
				DEBUG_INFORMATION_FORMAT = dwarf;
				ENABLE_STRICT_OBJC_MSGSEND = YES;
				ENABLE_TESTABILITY = YES;
				GCC_C_LANGUAGE_STANDARD = gnu11;
				GCC_DYNAMIC_NO_PIC = NO;
				GCC_NO_COMMON_BLOCKS = YES;
				GCC_OPTIMIZATION_LEVEL = 0;
				GCC_PREPROCESSOR_DEFINITIONS = (
					"DEBUG=1",
					"$(inherited)",
				);
				GCC_WARN_64_TO_32_BIT_CONVERSION = YES;
				GCC_WARN_ABOUT_RETURN_TYPE = YES_ERROR;
				GCC_WARN_UNDECLARED_SELECTOR = YES;
				GCC_WARN_UNINITIALIZED_AUTOS = YES_AGGRESSIVE;
				GCC_WARN_UNUSED_FUNCTION = YES;
				GCC_WARN_UNUSED_VARIABLE = YES;
				IPHONEOS_DEPLOYMENT_TARGET = 11.2;
				MTL_ENABLE_DEBUG_INFO = YES;
				ONLY_ACTIVE_ARCH = YES;
				SDKROOT = iphoneos;
				SWIFT_ACTIVE_COMPILATION_CONDITIONS = DEBUG;
				SWIFT_OPTIMIZATION_LEVEL = "-Onone";
			};
			name = Debug;
		};
		5961486D1FF0B202005D677D /* Release */ = {
			isa = XCBuildConfiguration;
			buildSettings = {
				ALWAYS_SEARCH_USER_PATHS = NO;
				CLANG_ANALYZER_NONNULL = YES;
				CLANG_ANALYZER_NUMBER_OBJECT_CONVERSION = YES_AGGRESSIVE;
				CLANG_CXX_LANGUAGE_STANDARD = "gnu++14";
				CLANG_CXX_LIBRARY = "libc++";
				CLANG_ENABLE_MODULES = YES;
				CLANG_ENABLE_OBJC_ARC = YES;
				CLANG_WARN_BLOCK_CAPTURE_AUTORELEASING = YES;
				CLANG_WARN_BOOL_CONVERSION = YES;
				CLANG_WARN_COMMA = YES;
				CLANG_WARN_CONSTANT_CONVERSION = YES;
				CLANG_WARN_DIRECT_OBJC_ISA_USAGE = YES_ERROR;
				CLANG_WARN_DOCUMENTATION_COMMENTS = YES;
				CLANG_WARN_EMPTY_BODY = YES;
				CLANG_WARN_ENUM_CONVERSION = YES;
				CLANG_WARN_INFINITE_RECURSION = YES;
				CLANG_WARN_INT_CONVERSION = YES;
				CLANG_WARN_NON_LITERAL_NULL_CONVERSION = YES;
				CLANG_WARN_OBJC_LITERAL_CONVERSION = YES;
				CLANG_WARN_OBJC_ROOT_CLASS = YES_ERROR;
				CLANG_WARN_RANGE_LOOP_ANALYSIS = YES;
				CLANG_WARN_STRICT_PROTOTYPES = YES;
				CLANG_WARN_SUSPICIOUS_MOVE = YES;
				CLANG_WARN_UNGUARDED_AVAILABILITY = YES_AGGRESSIVE;
				CLANG_WARN_UNREACHABLE_CODE = YES;
				CLANG_WARN__DUPLICATE_METHOD_MATCH = YES;
				CODE_SIGN_IDENTITY = "iPhone Developer";
				COPY_PHASE_STRIP = NO;
				DEBUG_INFORMATION_FORMAT = "dwarf-with-dsym";
				ENABLE_NS_ASSERTIONS = NO;
				ENABLE_STRICT_OBJC_MSGSEND = YES;
				GCC_C_LANGUAGE_STANDARD = gnu11;
				GCC_NO_COMMON_BLOCKS = YES;
				GCC_WARN_64_TO_32_BIT_CONVERSION = YES;
				GCC_WARN_ABOUT_RETURN_TYPE = YES_ERROR;
				GCC_WARN_UNDECLARED_SELECTOR = YES;
				GCC_WARN_UNINITIALIZED_AUTOS = YES_AGGRESSIVE;
				GCC_WARN_UNUSED_FUNCTION = YES;
				GCC_WARN_UNUSED_VARIABLE = YES;
				IPHONEOS_DEPLOYMENT_TARGET = 11.2;
				MTL_ENABLE_DEBUG_INFO = NO;
				SDKROOT = iphoneos;
				SWIFT_OPTIMIZATION_LEVEL = "-Owholemodule";
				VALIDATE_PRODUCT = YES;
			};
			name = Release;
		};
		5961486F1FF0B202005D677D /* Debug */ = {
			isa = XCBuildConfiguration;
			buildSettings = {
				ASSETCATALOG_COMPILER_APPICON_NAME = AppIcon;
				CODE_SIGN_STYLE = Automatic;
				DEVELOPMENT_TEAM = K74E6J262X;
				INFOPLIST_FILE = KyrptoWallet/Info.plist;
				IPHONEOS_DEPLOYMENT_TARGET = 11.0;
				LD_RUNPATH_SEARCH_PATHS = "$(inherited) @executable_path/Frameworks";
				PRODUCT_BUNDLE_IDENTIFIER = com.tamerbader.KyrptoWallet;
				PRODUCT_NAME = "$(TARGET_NAME)";
				SWIFT_VERSION = 4.0;
				TARGETED_DEVICE_FAMILY = "1,2";
			};
			name = Debug;
		};
		596148701FF0B202005D677D /* Release */ = {
			isa = XCBuildConfiguration;
			buildSettings = {
				ASSETCATALOG_COMPILER_APPICON_NAME = AppIcon;
				CODE_SIGN_STYLE = Automatic;
				DEVELOPMENT_TEAM = K74E6J262X;
				INFOPLIST_FILE = KyrptoWallet/Info.plist;
				IPHONEOS_DEPLOYMENT_TARGET = 11.0;
				LD_RUNPATH_SEARCH_PATHS = "$(inherited) @executable_path/Frameworks";
				PRODUCT_BUNDLE_IDENTIFIER = com.tamerbader.KyrptoWallet;
				PRODUCT_NAME = "$(TARGET_NAME)";
				SWIFT_VERSION = 4.0;
				TARGETED_DEVICE_FAMILY = "1,2";
			};
			name = Release;
		};
		596148721FF0B202005D677D /* Debug */ = {
			isa = XCBuildConfiguration;
			buildSettings = {
				ALWAYS_EMBED_SWIFT_STANDARD_LIBRARIES = YES;
				BUNDLE_LOADER = "$(TEST_HOST)";
				CODE_SIGN_STYLE = Automatic;
				DEVELOPMENT_TEAM = K74E6J262X;
				INFOPLIST_FILE = KyrptoWalletTests/Info.plist;
				LD_RUNPATH_SEARCH_PATHS = "$(inherited) @executable_path/Frameworks @loader_path/Frameworks";
				PRODUCT_BUNDLE_IDENTIFIER = com.tamerbader.KyrptoWalletTests;
				PRODUCT_NAME = "$(TARGET_NAME)";
				SWIFT_VERSION = 4.0;
				TARGETED_DEVICE_FAMILY = "1,2";
				TEST_HOST = "$(BUILT_PRODUCTS_DIR)/KyrptoWallet.app/KyrptoWallet";
			};
			name = Debug;
		};
		596148731FF0B202005D677D /* Release */ = {
			isa = XCBuildConfiguration;
			buildSettings = {
				ALWAYS_EMBED_SWIFT_STANDARD_LIBRARIES = YES;
				BUNDLE_LOADER = "$(TEST_HOST)";
				CODE_SIGN_STYLE = Automatic;
				DEVELOPMENT_TEAM = K74E6J262X;
				INFOPLIST_FILE = KyrptoWalletTests/Info.plist;
				LD_RUNPATH_SEARCH_PATHS = "$(inherited) @executable_path/Frameworks @loader_path/Frameworks";
				PRODUCT_BUNDLE_IDENTIFIER = com.tamerbader.KyrptoWalletTests;
				PRODUCT_NAME = "$(TARGET_NAME)";
				SWIFT_VERSION = 4.0;
				TARGETED_DEVICE_FAMILY = "1,2";
				TEST_HOST = "$(BUILT_PRODUCTS_DIR)/KyrptoWallet.app/KyrptoWallet";
			};
			name = Release;
		};
		596148751FF0B202005D677D /* Debug */ = {
			isa = XCBuildConfiguration;
			buildSettings = {
				ALWAYS_EMBED_SWIFT_STANDARD_LIBRARIES = YES;
				CODE_SIGN_STYLE = Automatic;
				DEVELOPMENT_TEAM = K74E6J262X;
				INFOPLIST_FILE = KyrptoWalletUITests/Info.plist;
				LD_RUNPATH_SEARCH_PATHS = "$(inherited) @executable_path/Frameworks @loader_path/Frameworks";
				PRODUCT_BUNDLE_IDENTIFIER = com.tamerbader.KyrptoWalletUITests;
				PRODUCT_NAME = "$(TARGET_NAME)";
				SWIFT_VERSION = 4.0;
				TARGETED_DEVICE_FAMILY = "1,2";
				TEST_TARGET_NAME = KyrptoWallet;
			};
			name = Debug;
		};
		596148761FF0B202005D677D /* Release */ = {
			isa = XCBuildConfiguration;
			buildSettings = {
				ALWAYS_EMBED_SWIFT_STANDARD_LIBRARIES = YES;
				CODE_SIGN_STYLE = Automatic;
				DEVELOPMENT_TEAM = K74E6J262X;
				INFOPLIST_FILE = KyrptoWalletUITests/Info.plist;
				LD_RUNPATH_SEARCH_PATHS = "$(inherited) @executable_path/Frameworks @loader_path/Frameworks";
				PRODUCT_BUNDLE_IDENTIFIER = com.tamerbader.KyrptoWalletUITests;
				PRODUCT_NAME = "$(TARGET_NAME)";
				SWIFT_VERSION = 4.0;
				TARGETED_DEVICE_FAMILY = "1,2";
				TEST_TARGET_NAME = KyrptoWallet;
			};
			name = Release;
		};
/* End XCBuildConfiguration section */

/* Begin XCConfigurationList section */
		5961483E1FF0B202005D677D /* Build configuration list for PBXProject "KyrptoWallet" */ = {
			isa = XCConfigurationList;
			buildConfigurations = (
				5961486C1FF0B202005D677D /* Debug */,
				5961486D1FF0B202005D677D /* Release */,
			);
			defaultConfigurationIsVisible = 0;
			defaultConfigurationName = Release;
		};
		5961486E1FF0B202005D677D /* Build configuration list for PBXNativeTarget "KyrptoWallet" */ = {
			isa = XCConfigurationList;
			buildConfigurations = (
				5961486F1FF0B202005D677D /* Debug */,
				596148701FF0B202005D677D /* Release */,
			);
			defaultConfigurationIsVisible = 0;
			defaultConfigurationName = Release;
		};
		596148711FF0B202005D677D /* Build configuration list for PBXNativeTarget "KyrptoWalletTests" */ = {
			isa = XCConfigurationList;
			buildConfigurations = (
				596148721FF0B202005D677D /* Debug */,
				596148731FF0B202005D677D /* Release */,
			);
			defaultConfigurationIsVisible = 0;
			defaultConfigurationName = Release;
		};
		596148741FF0B202005D677D /* Build configuration list for PBXNativeTarget "KyrptoWalletUITests" */ = {
			isa = XCConfigurationList;
			buildConfigurations = (
				596148751FF0B202005D677D /* Debug */,
				596148761FF0B202005D677D /* Release */,
			);
			defaultConfigurationIsVisible = 0;
			defaultConfigurationName = Release;
		};
/* End XCConfigurationList section */

/* Begin XCVersionGroup section */
		5961484D1FF0B202005D677D /* KyrptoWallet.xcdatamodeld */ = {
			isa = XCVersionGroup;
			children = (
				5961484E1FF0B202005D677D /* KyrptoWallet.xcdatamodel */,
			);
			currentVersion = 5961484E1FF0B202005D677D /* KyrptoWallet.xcdatamodel */;
			path = KyrptoWallet.xcdatamodeld;
			sourceTree = "<group>";
			versionGroupType = wrapper.xcdatamodel;
		};
/* End XCVersionGroup section */
	};
	rootObject = 5961483B1FF0B202005D677D /* Project object */;
}
